
Microsoft Visual Studio Solution File, Format Version 12.00
# Visual Studio Version 17
VisualStudioVersion = 17.5.33530.505
MinimumVisualStudioVersion = 10.0.40219.1
Project("{9A19103F-16F7-4668-BE54-9A1E7A4F7556}") = "GithubActionsDotnet", "src\GithubActionsDotnet\GithubActionsDotnet.csproj", "{F5025C6E-BEB9-461C-81F4-A81706796E37}"
EndProject
Project("{9A19103F-16F7-4668-BE54-9A1E7A4F7556}") = "GithubActionsDotnet.Security", "src\GithubActionsDotnet.Security\GithubActionsDotnet.Security.csproj", "{3E3CD694-1E3E-48BF-B9E0-B5777B822082}"
EndProject
Project("{9A19103F-16F7-4668-BE54-9A1E7A4F7556}") = "GithubActionsDotnet.Common", "src\GithubActionsDotnet.Common\GithubActionsDotnet.Common.csproj", "{E130797E-BF36-474E-8E00-63B9DA71DB51}"
EndProject
Project("{2150E333-8FDC-42A3-9474-1A3956D46DE8}") = "tests", "tests", "{1E6BEF32-498C-4668-B233-B5C8A0DC0557}"
EndProject
Global
	GlobalSection(SolutionConfigurationPlatforms) = preSolution
		Debug|Any CPU = Debug|Any CPU
		Release|Any CPU = Release|Any CPU
	EndGlobalSection
	GlobalSection(ProjectConfigurationPlatforms) = postSolution
		{F5025C6E-BEB9-461C-81F4-A81706796E37}.Debug|Any CPU.ActiveCfg = Debug|Any CPU
		{F5025C6E-BEB9-461C-81F4-A81706796E37}.Debug|Any CPU.Build.0 = Debug|Any CPU
		{F5025C6E-BEB9-461C-81F4-A81706796E37}.Release|Any CPU.ActiveCfg = Release|Any CPU
		{F5025C6E-BEB9-461C-81F4-A81706796E37}.Release|Any CPU.Build.0 = Release|Any CPU
		{3E3CD694-1E3E-48BF-B9E0-B5777B822082}.Debug|Any CPU.ActiveCfg = Debug|Any CPU
		{3E3CD694-1E3E-48BF-B9E0-B5777B822082}.Debug|Any CPU.Build.0 = Debug|Any CPU
		{3E3CD694-1E3E-48BF-B9E0-B5777B822082}.Release|Any CPU.ActiveCfg = Release|Any CPU
		{3E3CD694-1E3E-48BF-B9E0-B5777B822082}.Release|Any CPU.Build.0 = Release|Any CPU
		{E130797E-BF36-474E-8E00-63B9DA71DB51}.Debug|Any CPU.ActiveCfg = Debug|Any CPU
		{E130797E-BF36-474E-8E00-63B9DA71DB51}.Debug|Any CPU.Build.0 = Debug|Any CPU
		{E130797E-BF36-474E-8E00-63B9DA71DB51}.Release|Any CPU.ActiveCfg = Release|Any CPU
		{E130797E-BF36-474E-8E00-63B9DA71DB51}.Release|Any CPU.Build.0 = Release|Any CPU
	EndGlobalSection
	GlobalSection(SolutionProperties) = preSolution
		HideSolutionNode = FALSE
	EndGlobalSection
	GlobalSection(ExtensibilityGlobals) = postSolution
		SolutionGuid = {1B741A3C-D927-4BB0-B822-B776ABA18996}
	EndGlobalSection
EndGlobal
